{
  "name": "transient-atp",
  "version": "0.2.0",
  "lockfileVersion": 3,
  "requires": true,
  "packages": {
    "": {
      "name": "transient-atp",
      "version": "0.2.0",
      "license": "Apache-2.0",
      "workspaces": [
        "packages/*"
      ],
      "dependencies": {
        "base64-url": "^2.3.3",
        "canonicalize": "^2.1.0"
      }
    },
    "node_modules/@atp/conformance-cli": {
      "resolved": "packages/conformance-cli",
      "link": true
    },
    "node_modules/@atp/release-guard": {
      "resolved": "packages/release-guard",
      "link": true
    },
    "node_modules/@atp/spec": {
      "resolved": "packages/spec",
      "link": true
    },
    "node_modules/base64-url": {
      "version": "2.3.3",
      "resolved": "https://registry.npmjs.org/base64-url/-/base64-url-2.3.3.tgz",
      "integrity": "sha512-dLMhIsK7OplcDauDH/tZLvK7JmUZK3A7KiQpjNzsBrM6Etw7hzNI1tLEywqJk9NnwkgWuFKSlx/IUO7vF6Mo8Q==",
      "license": "ISC",
      "engines": {
        "node": ">=6"
      }
    },
    "node_modules/canonicalize": {
      "version": "2.1.0",
      "resolved": "https://registry.npmjs.org/canonicalize/-/canonicalize-2.1.0.tgz",
      "integrity": "sha512-F705O3xrsUtgt98j7leetNhTWPe+5S72rlL5O4jA1pKqBVQ/dT1O1D6PFxmSXvc0SUOinWS57DKx0I3CHrXJHQ==",
      "license": "Apache-2.0",
      "bin": {
        "canonicalize": "bin/canonicalize.js"
      }
    },
    "packages/conformance-cli": {
      "name": "@atp/conformance-cli",
      "version": "1.0.1",
      "license": "Apache-2.0",
      "dependencies": {
        "@atp/spec": "1.0.0"
      },
      "bin": {
        "atp-conformance": "src/cli.mjs"
      }
    },
    "packages/release-guard": {
      "name": "@atp/release-guard",
      "version": "0.1.0",
      "license": "Apache-2.0",
      "dependencies": {
        "@atp/spec": "1.0.0"
      },
      "bin": {
        "atp-release-guard": "src/cli.mjs"
      }
    },
    "packages/spec": {
      "name": "@atp/spec",
      "version": "1.0.0",
      "license": "Apache-2.0",
      "dependencies": {
        "base64-url": "^2.3.3",
        "canonicalize": "^2.1.0"
      }
    }
  }
}
